
Microsoft Visual Studio Solution File, Format Version 12.00
# Visual Studio Version 16
VisualStudioVersion = 16.0.29926.136
MinimumVisualStudioVersion = 10.0.40219.1
Project("{9A19103F-16F7-4668-BE54-9A1E7A4F7556}") = "Laboratory_7_1", "Laboratory_7\Laboratory_7_1.csproj", "{0E87B226-8B77-473C-82F5-311F04079176}"
EndProject
Project("{FAE04EC0-301F-11D3-BF4B-00C04F79EFBC}") = "Laboratory_7_2", "Laboratory_7_2\Laboratory_7_2.csproj", "{7CD884F6-6942-4542-831A-31A8DC0077B0}"
EndProject
Project("{FAE04EC0-301F-11D3-BF4B-00C04F79EFBC}") = "Laboratory_7_3", "Laboratory_7_3\Laboratory_7_3.csproj", "{9816F0C3-6B73-434C-BFCA-9B0836A0166B}"
EndProject
Global
	GlobalSection(SolutionConfigurationPlatforms) = preSolution
		Debug|Any CPU = Debug|Any CPU
		Release|Any CPU = Release|Any CPU
	EndGlobalSection
	GlobalSection(ProjectConfigurationPlatforms) = postSolution
		{0E87B226-8B77-473C-82F5-311F04079176}.Debug|Any CPU.ActiveCfg = Debug|Any CPU
		{0E87B226-8B77-473C-82F5-311F04079176}.Debug|Any CPU.Build.0 = Debug|Any CPU
		{0E87B226-8B77-473C-82F5-311F04079176}.Release|Any CPU.ActiveCfg = Release|Any CPU
		{0E87B226-8B77-473C-82F5-311F04079176}.Release|Any CPU.Build.0 = Release|Any CPU
		{7CD884F6-6942-4542-831A-31A8DC0077B0}.Debug|Any CPU.ActiveCfg = Debug|Any CPU
		{7CD884F6-6942-4542-831A-31A8DC0077B0}.Debug|Any CPU.Build.0 = Debug|Any CPU
		{7CD884F6-6942-4542-831A-31A8DC0077B0}.Release|Any CPU.ActiveCfg = Release|Any CPU
		{7CD884F6-6942-4542-831A-31A8DC0077B0}.Release|Any CPU.Build.0 = Release|Any CPU
		{9816F0C3-6B73-434C-BFCA-9B0836A0166B}.Debug|Any CPU.ActiveCfg = Debug|Any CPU
		{9816F0C3-6B73-434C-BFCA-9B0836A0166B}.Debug|Any CPU.Build.0 = Debug|Any CPU
		{9816F0C3-6B73-434C-BFCA-9B0836A0166B}.Release|Any CPU.ActiveCfg = Release|Any CPU
		{9816F0C3-6B73-434C-BFCA-9B0836A0166B}.Release|Any CPU.Build.0 = Release|Any CPU
	EndGlobalSection
	GlobalSection(SolutionProperties) = preSolution
		HideSolutionNode = FALSE
	EndGlobalSection
	GlobalSection(ExtensibilityGlobals) = postSolution
		SolutionGuid = {D6C22052-C0BB-43DA-A694-D654EF4A21FA}
	EndGlobalSection
EndGlobal
